
Microsoft Visual Studio Solution File, Format Version 12.00
# Visual Studio 15
VisualStudioVersion = 15.0.27130.2003
MinimumVisualStudioVersion = 10.0.40219.1
Project("{FAE04EC0-301F-11D3-BF4B-00C04F79EFBC}") = "PlataAlfa", "PlataAlfa\PlataAlfa.csproj", "{52B23963-DAB8-4EEA-B2D4-638583975CC4}"
EndProject
Project("{FAE04EC0-301F-11D3-BF4B-00C04F79EFBC}") = "PlataAlfa.DB.MongoDB", "PlataAlfa.DB.MongoDB\PlataAlfa.DB.MongoDB.csproj", "{29F02574-85BE-4105-AD68-E6F9622A71B5}"
EndProject
Project("{FAE04EC0-301F-11D3-BF4B-00C04F79EFBC}") = "PlataAlfa.DB.MongoDB.Test", "PlataAlfa.DB.MongoDB.Test\PlataAlfa.DB.MongoDB.Test.csproj", "{B6A0E1E8-78BC-4C89-ABA2-97CCB970A1D2}"
EndProject
Global
	GlobalSection(SolutionConfigurationPlatforms) = preSolution
		Debug|Any CPU = Debug|Any CPU
		Release|Any CPU = Release|Any CPU
	EndGlobalSection
	GlobalSection(ProjectConfigurationPlatforms) = postSolution
		{52B23963-DAB8-4EEA-B2D4-638583975CC4}.Debug|Any CPU.ActiveCfg = Debug|Any CPU
		{52B23963-DAB8-4EEA-B2D4-638583975CC4}.Debug|Any CPU.Build.0 = Debug|Any CPU
		{52B23963-DAB8-4EEA-B2D4-638583975CC4}.Release|Any CPU.ActiveCfg = Release|Any CPU
		{52B23963-DAB8-4EEA-B2D4-638583975CC4}.Release|Any CPU.Build.0 = Release|Any CPU
		{29F02574-85BE-4105-AD68-E6F9622A71B5}.Debug|Any CPU.ActiveCfg = Debug|Any CPU
		{29F02574-85BE-4105-AD68-E6F9622A71B5}.Debug|Any CPU.Build.0 = Debug|Any CPU
		{29F02574-85BE-4105-AD68-E6F9622A71B5}.Release|Any CPU.ActiveCfg = Release|Any CPU
		{29F02574-85BE-4105-AD68-E6F9622A71B5}.Release|Any CPU.Build.0 = Release|Any CPU
		{B6A0E1E8-78BC-4C89-ABA2-97CCB970A1D2}.Debug|Any CPU.ActiveCfg = Debug|Any CPU
		{B6A0E1E8-78BC-4C89-ABA2-97CCB970A1D2}.Debug|Any CPU.Build.0 = Debug|Any CPU
		{B6A0E1E8-78BC-4C89-ABA2-97CCB970A1D2}.Release|Any CPU.ActiveCfg = Release|Any CPU
		{B6A0E1E8-78BC-4C89-ABA2-97CCB970A1D2}.Release|Any CPU.Build.0 = Release|Any CPU
	EndGlobalSection
	GlobalSection(SolutionProperties) = preSolution
		HideSolutionNode = FALSE
	EndGlobalSection
	GlobalSection(ExtensibilityGlobals) = postSolution
		SolutionGuid = {51CF9281-F822-4D02-8D88-D2FD7A88ED70}
	EndGlobalSection
EndGlobal
